
Microsoft Visual Studio Solution File, Format Version 12.00
# Visual Studio Version 16
VisualStudioVersion = 16.0.30907.101
MinimumVisualStudioVersion = 10.0.40219.1
Project("{9A19103F-16F7-4668-BE54-9A1E7A4F7556}") = "ClassMetotDemo", "ClassMetotDemo\ClassMetotDemo.csproj", "{0273B7F4-E153-4A4C-BB4D-DA60B96DB980}"
EndProject
Global
	GlobalSection(SolutionConfigurationPlatforms) = preSolution
		Debug|Any CPU = Debug|Any CPU
		Release|Any CPU = Release|Any CPU
	EndGlobalSection
	GlobalSection(ProjectConfigurationPlatforms) = postSolution
		{0273B7F4-E153-4A4C-BB4D-DA60B96DB980}.Debug|Any CPU.ActiveCfg = Debug|Any CPU
		{0273B7F4-E153-4A4C-BB4D-DA60B96DB980}.Debug|Any CPU.Build.0 = Debug|Any CPU
		{0273B7F4-E153-4A4C-BB4D-DA60B96DB980}.Release|Any CPU.ActiveCfg = Release|Any CPU
		{0273B7F4-E153-4A4C-BB4D-DA60B96DB980}.Release|Any CPU.Build.0 = Release|Any CPU
	EndGlobalSection
	GlobalSection(SolutionProperties) = preSolution
		HideSolutionNode = FALSE
	EndGlobalSection
	GlobalSection(ExtensibilityGlobals) = postSolution
		SolutionGuid = {D33D0C90-CF04-4719-8112-227400B9AFE7}
	EndGlobalSection
EndGlobal
